// !$*UTF8*$!
{
	archiveVersion = 1;
	classes = {
	};
	objectVersion = 55;
	objects = {

/* Begin PBXBuildFile section */
		D09D825028A2802B00F20F24 /* AppDelegate.swift in Sources */ = {isa = PBXBuildFile; fileRef = D09D824F28A2802B00F20F24 /* AppDelegate.swift */; };
		D09D825228A2802B00F20F24 /* SceneDelegate.swift in Sources */ = {isa = PBXBuildFile; fileRef = D09D825128A2802B00F20F24 /* SceneDelegate.swift */; };
		D09D825428A2802B00F20F24 /* AnaSayfa_VC.swift in Sources */ = {isa = PBXBuildFile; fileRef = D09D825328A2802B00F20F24 /* AnaSayfa_VC.swift */; };
		D09D825728A2802B00F20F24 /* Main.storyboard in Resources */ = {isa = PBXBuildFile; fileRef = D09D825528A2802B00F20F24 /* Main.storyboard */; };
		D09D825928A2802D00F20F24 /* Assets.xcassets in Resources */ = {isa = PBXBuildFile; fileRef = D09D825828A2802D00F20F24 /* Assets.xcassets */; };
		D09D825C28A2802D00F20F24 /* LaunchScreen.storyboard in Resources */ = {isa = PBXBuildFile; fileRef = D09D825A28A2802D00F20F24 /* LaunchScreen.storyboard */; };
		D09D826428A28AA300F20F24 /* X_VC.swift in Sources */ = {isa = PBXBuildFile; fileRef = D09D826328A28AA300F20F24 /* X_VC.swift */; };
		D09D826628A28AB900F20F24 /* Y_VC.swift in Sources */ = {isa = PBXBuildFile; fileRef = D09D826528A28AB900F20F24 /* Y_VC.swift */; };
		D09D826828A28ACC00F20F24 /* A_VC.swift in Sources */ = {isa = PBXBuildFile; fileRef = D09D826728A28ACC00F20F24 /* A_VC.swift */; };
		D09D826A28A28AD800F20F24 /* B_VC.swift in Sources */ = {isa = PBXBuildFile; fileRef = D09D826928A28AD800F20F24 /* B_VC.swift */; };
/* End PBXBuildFile section */

/* Begin PBXFileReference section */
		D09D824C28A2802B00F20F24 /* PresentationBetweenPages.app */ = {isa = PBXFileReference; explicitFileType = wrapper.application; includeInIndex = 0; path = PresentationBetweenPages.app; sourceTree = BUILT_PRODUCTS_DIR; };
		D09D824F28A2802B00F20F24 /* AppDelegate.swift */ = {isa = PBXFileReference; lastKnownFileType = sourcecode.swift; path = AppDelegate.swift; sourceTree = "<group>"; };
		D09D825128A2802B00F20F24 /* SceneDelegate.swift */ = {isa = PBXFileReference; lastKnownFileType = sourcecode.swift; path = SceneDelegate.swift; sourceTree = "<group>"; };
		D09D825328A2802B00F20F24 /* AnaSayfa_VC.swift */ = {isa = PBXFileReference; lastKnownFileType = sourcecode.swift; path = AnaSayfa_VC.swift; sourceTree = "<group>"; };
		D09D825628A2802B00F20F24 /* Base */ = {isa = PBXFileReference; lastKnownFileType = file.storyboard; name = Base; path = Base.lproj/Main.storyboard; sourceTree = "<group>"; };
		D09D825828A2802D00F20F24 /* Assets.xcassets */ = {isa = PBXFileReference; lastKnownFileType = folder.assetcatalog; path = Assets.xcassets; sourceTree = "<group>"; };
		D09D825B28A2802D00F20F24 /* Base */ = {isa = PBXFileReference; lastKnownFileType = file.storyboard; name = Base; path = Base.lproj/LaunchScreen.storyboard; sourceTree = "<group>"; };
		D09D825D28A2802D00F20F24 /* Info.plist */ = {isa = PBXFileReference; lastKnownFileType = text.plist.xml; path = Info.plist; sourceTree = "<group>"; };
		D09D826328A28AA300F20F24 /* X_VC.swift */ = {isa = PBXFileReference; lastKnownFileType = sourcecode.swift; path = X_VC.swift; sourceTree = "<group>"; };
		D09D826528A28AB900F20F24 /* Y_VC.swift */ = {isa = PBXFileReference; lastKnownFileType = sourcecode.swift; path = Y_VC.swift; sourceTree = "<group>"; };
		D09D826728A28ACC00F20F24 /* A_VC.swift */ = {isa = PBXFileReference; lastKnownFileType = sourcecode.swift; path = A_VC.swift; sourceTree = "<group>"; };
		D09D826928A28AD800F20F24 /* B_VC.swift */ = {isa = PBXFileReference; lastKnownFileType = sourcecode.swift; path = B_VC.swift; sourceTree = "<group>"; };
/* End PBXFileReference section */

/* Begin PBXFrameworksBuildPhase section */
		D09D824928A2802B00F20F24 /* Frameworks */ = {
			isa = PBXFrameworksBuildPhase;
			buildActionMask = 2147483647;
			files = (
			);
			runOnlyForDeploymentPostprocessing = 0;
		};
/* End PBXFrameworksBuildPhase section */

/* Begin PBXGroup section */
		D09D824328A2802B00F20F24 = {
			isa = PBXGroup;
			children = (
				D09D824E28A2802B00F20F24 /* PresentationBetweenPages */,
				D09D824D28A2802B00F20F24 /* Products */,
			);
			sourceTree = "<group>";
		};
		D09D824D28A2802B00F20F24 /* Products */ = {
			isa = PBXGroup;
			children = (
				D09D824C28A2802B00F20F24 /* PresentationBetweenPages.app */,
			);
			name = Products;
			sourceTree = "<group>";
		};
		D09D824E28A2802B00F20F24 /* PresentationBetweenPages */ = {
			isa = PBXGroup;
			children = (
				D09D824F28A2802B00F20F24 /* AppDelegate.swift */,
				D09D825128A2802B00F20F24 /* SceneDelegate.swift */,
				D09D825328A2802B00F20F24 /* AnaSayfa_VC.swift */,
				D09D826728A28ACC00F20F24 /* A_VC.swift */,
				D09D826928A28AD800F20F24 /* B_VC.swift */,
				D09D826328A28AA300F20F24 /* X_VC.swift */,
				D09D826528A28AB900F20F24 /* Y_VC.swift */,
				D09D825528A2802B00F20F24 /* Main.storyboard */,
				D09D825828A2802D00F20F24 /* Assets.xcassets */,
				D09D825A28A2802D00F20F24 /* LaunchScreen.storyboard */,
				D09D825D28A2802D00F20F24 /* Info.plist */,
			);
			path = PresentationBetweenPages;
			sourceTree = "<group>";
		};
/* End PBXGroup section */

/* Begin PBXNativeTarget section */
		D09D824B28A2802B00F20F24 /* PresentationBetweenPages */ = {
			isa = PBXNativeTarget;
			buildConfigurationList = D09D826028A2802D00F20F24 /* Build configuration list for PBXNativeTarget "PresentationBetweenPages" */;
			buildPhases = (
				D09D824828A2802B00F20F24 /* Sources */,
				D09D824928A2802B00F20F24 /* Frameworks */,
				D09D824A28A2802B00F20F24 /* Resources */,
			);
			buildRules = (
			);
			dependencies = (
			);
			name = PresentationBetweenPages;
			productName = odev4_emreYILDIRIM;
			productReference = D09D824C28A2802B00F20F24 /* PresentationBetweenPages.app */;
			productType = "com.apple.product-type.application";
		};
/* End PBXNativeTarget section */

/* Begin PBXProject section */
		D09D824428A2802B00F20F24 /* Project object */ = {
			isa = PBXProject;
			attributes = {
				BuildIndependentTargetsInParallel = 1;
				LastSwiftUpdateCheck = 1340;
				LastUpgradeCheck = 1340;
				TargetAttributes = {
					D09D824B28A2802B00F20F24 = {
						CreatedOnToolsVersion = 13.4.1;
					};
				};
			};
			buildConfigurationList = D09D824728A2802B00F20F24 /* Build configuration list for PBXProject "PresentationBetweenPages" */;
			compatibilityVersion = "Xcode 13.0";
			developmentRegion = en;
			hasScannedForEncodings = 0;
			knownRegions = (
				en,
				Base,
			);
			mainGroup = D09D824328A2802B00F20F24;
			productRefGroup = D09D824D28A2802B00F20F24 /* Products */;
			projectDirPath = "";
			projectRoot = "";
			targets = (
				D09D824B28A2802B00F20F24 /* PresentationBetweenPages */,
			);
		};
/* End PBXProject section */

/* Begin PBXResourcesBuildPhase section */
		D09D824A28A2802B00F20F24 /* Resources */ = {
			isa = PBXResourcesBuildPhase;
			buildActionMask = 2147483647;
			files = (
				D09D825C28A2802D00F20F24 /* LaunchScreen.storyboard in Resources */,
				D09D825928A2802D00F20F24 /* Assets.xcassets in Resources */,
				D09D825728A2802B00F20F24 /* Main.storyboard in Resources */,
			);
			runOnlyForDeploymentPostprocessing = 0;
		};
/* End PBXResourcesBuildPhase section */

/* Begin PBXSourcesBuildPhase section */
		D09D824828A2802B00F20F24 /* Sources */ = {
			isa = PBXSourcesBuildPhase;
			buildActionMask = 2147483647;
			files = (
				D09D826628A28AB900F20F24 /* Y_VC.swift in Sources */,
				D09D825428A2802B00F20F24 /* AnaSayfa_VC.swift in Sources */,
				D09D826428A28AA300F20F24 /* X_VC.swift in Sources */,
				D09D825028A2802B00F20F24 /* AppDelegate.swift in Sources */,
				D09D826828A28ACC00F20F24 /* A_VC.swift in Sources */,
				D09D825228A2802B00F20F24 /* SceneDelegate.swift in Sources */,
				D09D826A28A28AD800F20F24 /* B_VC.swift in Sources */,
			);
			runOnlyForDeploymentPostprocessing = 0;
		};
/* End PBXSourcesBuildPhase section */

/* Begin PBXVariantGroup section */
		D09D825528A2802B00F20F24 /* Main.storyboard */ = {
			isa = PBXVariantGroup;
			children = (
				D09D825628A2802B00F20F24 /* Base */,
			);
			name = Main.storyboard;
			sourceTree = "<group>";
		};
		D09D825A28A2802D00F20F24 /* LaunchScreen.storyboard */ = {
			isa = PBXVariantGroup;
			children = (
				D09D825B28A2802D00F20F24 /* Base */,
			);
			name = LaunchScreen.storyboard;
			sourceTree = "<group>";
		};
/* End PBXVariantGroup section */

/* Begin XCBuildConfiguration section */
		D09D825E28A2802D00F20F24 /* Debug */ = {
			isa = XCBuildConfiguration;
			buildSettings = {
				ALWAYS_SEARCH_USER_PATHS = NO;
				CLANG_ANALYZER_NONNULL = YES;
				CLANG_ANALYZER_NUMBER_OBJECT_CONVERSION = YES_AGGRESSIVE;
				CLANG_CXX_LANGUAGE_STANDARD = "gnu++17";
				CLANG_ENABLE_MODULES = YES;
				CLANG_ENABLE_OBJC_ARC = YES;
				CLANG_ENABLE_OBJC_WEAK = YES;
				CLANG_WARN_BLOCK_CAPTURE_AUTORELEASING = YES;
				CLANG_WARN_BOOL_CONVERSION = YES;
				CLANG_WARN_COMMA = YES;
				CLANG_WARN_CONSTANT_CONVERSION = YES;
				CLANG_WARN_DEPRECATED_OBJC_IMPLEMENTATIONS = YES;
				CLANG_WARN_DIRECT_OBJC_ISA_USAGE = YES_ERROR;
				CLANG_WARN_DOCUMENTATION_COMMENTS = YES;
				CLANG_WARN_EMPTY_BODY = YES;
				CLANG_WARN_ENUM_CONVERSION = YES;
				CLANG_WARN_INFINITE_RECURSION = YES;
				CLANG_WARN_INT_CONVERSION = YES;
				CLANG_WARN_NON_LITERAL_NULL_CONVERSION = YES;
				CLANG_WARN_OBJC_IMPLICIT_RETAIN_SELF = YES;
				CLANG_WARN_OBJC_LITERAL_CONVERSION = YES;
				CLANG_WARN_OBJC_ROOT_CLASS = YES_ERROR;
				CLANG_WARN_QUOTED_INCLUDE_IN_FRAMEWORK_HEADER = YES;
				CLANG_WARN_RANGE_LOOP_ANALYSIS = YES;
				CLANG_WARN_STRICT_PROTOTYPES = YES;
				CLANG_WARN_SUSPICIOUS_MOVE = YES;
				CLANG_WARN_UNGUARDED_AVAILABILITY = YES_AGGRESSIVE;
				CLANG_WARN_UNREACHABLE_CODE = YES;
				CLANG_WARN__DUPLICATE_METHOD_MATCH = YES;
				COPY_PHASE_STRIP = NO;
				DEBUG_INFORMATION_FORMAT = dwarf;
				ENABLE_STRICT_OBJC_MSGSEND = YES;
				ENABLE_TESTABILITY = YES;
				GCC_C_LANGUAGE_STANDARD = gnu11;
				GCC_DYNAMIC_NO_PIC = NO;
				GCC_NO_COMMON_BLOCKS = YES;
				GCC_OPTIMIZATION_LEVEL = 0;
				GCC_PREPROCESSOR_DEFINITIONS = (
					"DEBUG=1",
					"$(inherited)",
				);
				GCC_WARN_64_TO_32_BIT_CONVERSION = YES;
				GCC_WARN_ABOUT_RETURN_TYPE = YES_ERROR;
				GCC_WARN_UNDECLARED_SELECTOR = YES;
				GCC_WARN_UNINITIALIZED_AUTOS = YES_AGGRESSIVE;
				GCC_WARN_UNUSED_FUNCTION = YES;
				GCC_WARN_UNUSED_VARIABLE = YES;
				INFOPLIST_FILE = PresentationBetweenPages/Info.plist;
				IPHONEOS_DEPLOYMENT_TARGET = 15.5;
				MTL_ENABLE_DEBUG_INFO = INCLUDE_SOURCE;
				MTL_FAST_MATH = YES;
				ONLY_ACTIVE_ARCH = YES;
				SDKROOT = iphoneos;
				SWIFT_ACTIVE_COMPILATION_CONDITIONS = DEBUG;
				SWIFT_OPTIMIZATION_LEVEL = "-Onone";
			};
			name = Debug;
		};
		D09D825F28A2802D00F20F24 /* Release */ = {
			isa = XCBuildConfiguration;
			buildSettings = {
				ALWAYS_SEARCH_USER_PATHS = NO;
				CLANG_ANALYZER_NONNULL = YES;
				CLANG_ANALYZER_NUMBER_OBJECT_CONVERSION = YES_AGGRESSIVE;
				CLANG_CXX_LANGUAGE_STANDARD = "gnu++17";
				CLANG_ENABLE_MODULES = YES;
				CLANG_ENABLE_OBJC_ARC = YES;
				CLANG_ENABLE_OBJC_WEAK = YES;
				CLANG_WARN_BLOCK_CAPTURE_AUTORELEASING = YES;
				CLANG_WARN_BOOL_CONVERSION = YES;
				CLANG_WARN_COMMA = YES;
				CLANG_WARN_CONSTANT_CONVERSION = YES;
				CLANG_WARN_DEPRECATED_OBJC_IMPLEMENTATIONS = YES;
				CLANG_WARN_DIRECT_OBJC_ISA_USAGE = YES_ERROR;
				CLANG_WARN_DOCUMENTATION_COMMENTS = YES;
				CLANG_WARN_EMPTY_BODY = YES;
				CLANG_WARN_ENUM_CONVERSION = YES;
				CLANG_WARN_INFINITE_RECURSION = YES;
				CLANG_WARN_INT_CONVERSION = YES;
				CLANG_WARN_NON_LITERAL_NULL_CONVERSION = YES;
				CLANG_WARN_OBJC_IMPLICIT_RETAIN_SELF = YES;
				CLANG_WARN_OBJC_LITERAL_CONVERSION = YES;
				CLANG_WARN_OBJC_ROOT_CLASS = YES_ERROR;
				CLANG_WARN_QUOTED_INCLUDE_IN_FRAMEWORK_HEADER = YES;
				CLANG_WARN_RANGE_LOOP_ANALYSIS = YES;
				CLANG_WARN_STRICT_PROTOTYPES = YES;
				CLANG_WARN_SUSPICIOUS_MOVE = YES;
				CLANG_WARN_UNGUARDED_AVAILABILITY = YES_AGGRESSIVE;
				CLANG_WARN_UNREACHABLE_CODE = YES;
				CLANG_WARN__DUPLICATE_METHOD_MATCH = YES;
				COPY_PHASE_STRIP = NO;
				DEBUG_INFORMATION_FORMAT = "dwarf-with-dsym";
				ENABLE_NS_ASSERTIONS = NO;
				ENABLE_STRICT_OBJC_MSGSEND = YES;
				GCC_C_LANGUAGE_STANDARD = gnu11;
				GCC_NO_COMMON_BLOCKS = YES;
				GCC_WARN_64_TO_32_BIT_CONVERSION = YES;
				GCC_WARN_ABOUT_RETURN_TYPE = YES_ERROR;
				GCC_WARN_UNDECLARED_SELECTOR = YES;
				GCC_WARN_UNINITIALIZED_AUTOS = YES_AGGRESSIVE;
				GCC_WARN_UNUSED_FUNCTION = YES;
				GCC_WARN_UNUSED_VARIABLE = YES;
				INFOPLIST_FILE = PresentationBetweenPages/Info.plist;
				IPHONEOS_DEPLOYMENT_TARGET = 15.5;
				MTL_ENABLE_DEBUG_INFO = NO;
				MTL_FAST_MATH = YES;
				SDKROOT = iphoneos;
				SWIFT_COMPILATION_MODE = wholemodule;
				SWIFT_OPTIMIZATION_LEVEL = "-O";
				VALIDATE_PRODUCT = YES;
			};
			name = Release;
		};
		D09D826128A2802D00F20F24 /* Debug */ = {
			isa = XCBuildConfiguration;
			buildSettings = {
				ASSETCATALOG_COMPILER_APPICON_NAME = AppIcon;
				ASSETCATALOG_COMPILER_GLOBAL_ACCENT_COLOR_NAME = AccentColor;
				CODE_SIGN_STYLE = Automatic;
				CURRENT_PROJECT_VERSION = 1;
				GENERATE_INFOPLIST_FILE = YES;
				INFOPLIST_FILE = PresentationBetweenPages/Info.plist;
				INFOPLIST_KEY_CFBundleDisplayName = "Presentation Between Pages";
				INFOPLIST_KEY_UIApplicationSupportsIndirectInputEvents = YES;
				INFOPLIST_KEY_UILaunchStoryboardName = LaunchScreen;
				INFOPLIST_KEY_UIMainStoryboardFile = Main;
				INFOPLIST_KEY_UISupportedInterfaceOrientations_iPad = "UIInterfaceOrientationPortrait UIInterfaceOrientationPortraitUpsideDown UIInterfaceOrientationLandscapeLeft UIInterfaceOrientationLandscapeRight";
				INFOPLIST_KEY_UISupportedInterfaceOrientations_iPhone = "UIInterfaceOrientationPortrait UIInterfaceOrientationLandscapeLeft UIInterfaceOrientationLandscapeRight";
				LD_RUNPATH_SEARCH_PATHS = (
					"$(inherited)",
					"@executable_path/Frameworks",
				);
				MARKETING_VERSION = 1.0;
				PRODUCT_BUNDLE_IDENTIFIER = "com.emreYildirim.odev4-emreYILDIRIM";
				PRODUCT_NAME = "$(TARGET_NAME)";
				SWIFT_EMIT_LOC_STRINGS = YES;
				SWIFT_VERSION = 5.0;
				TARGETED_DEVICE_FAMILY = "1,2";
			};
			name = Debug;
		};
		D09D826228A2802D00F20F24 /* Release */ = {
			isa = XCBuildConfiguration;
			buildSettings = {
				ASSETCATALOG_COMPILER_APPICON_NAME = AppIcon;
				ASSETCATALOG_COMPILER_GLOBAL_ACCENT_COLOR_NAME = AccentColor;
				CODE_SIGN_STYLE = Automatic;
				CURRENT_PROJECT_VERSION = 1;
				GENERATE_INFOPLIST_FILE = YES;
				INFOPLIST_FILE = PresentationBetweenPages/Info.plist;
				INFOPLIST_KEY_CFBundleDisplayName = "Presentation Between Pages";
				INFOPLIST_KEY_UIApplicationSupportsIndirectInputEvents = YES;
				INFOPLIST_KEY_UILaunchStoryboardName = LaunchScreen;
				INFOPLIST_KEY_UIMainStoryboardFile = Main;
				INFOPLIST_KEY_UISupportedInterfaceOrientations_iPad = "UIInterfaceOrientationPortrait UIInterfaceOrientationPortraitUpsideDown UIInterfaceOrientationLandscapeLeft UIInterfaceOrientationLandscapeRight";
				INFOPLIST_KEY_UISupportedInterfaceOrientations_iPhone = "UIInterfaceOrientationPortrait UIInterfaceOrientationLandscapeLeft UIInterfaceOrientationLandscapeRight";
				LD_RUNPATH_SEARCH_PATHS = (
					"$(inherited)",
					"@executable_path/Frameworks",
				);
				MARKETING_VERSION = 1.0;
				PRODUCT_BUNDLE_IDENTIFIER = "com.emreYildirim.odev4-emreYILDIRIM";
				PRODUCT_NAME = "$(TARGET_NAME)";
				SWIFT_EMIT_LOC_STRINGS = YES;
				SWIFT_VERSION = 5.0;
				TARGETED_DEVICE_FAMILY = "1,2";
			};
			name = Release;
		};
/* End XCBuildConfiguration section */

/* Begin XCConfigurationList section */
		D09D824728A2802B00F20F24 /* Build configuration list for PBXProject "PresentationBetweenPages" */ = {
			isa = XCConfigurationList;
			buildConfigurations = (
				D09D825E28A2802D00F20F24 /* Debug */,
				D09D825F28A2802D00F20F24 /* Release */,
			);
			defaultConfigurationIsVisible = 0;
			defaultConfigurationName = Release;
		};
		D09D826028A2802D00F20F24 /* Build configuration list for PBXNativeTarget "PresentationBetweenPages" */ = {
			isa = XCConfigurationList;
			buildConfigurations = (
				D09D826128A2802D00F20F24 /* Debug */,
				D09D826228A2802D00F20F24 /* Release */,
			);
			defaultConfigurationIsVisible = 0;
			defaultConfigurationName = Release;
		};
/* End XCConfigurationList section */
	};
	rootObject = D09D824428A2802B00F20F24 /* Project object */;
}
